<?xml version="1.0" encoding="utf-8"?>
<Project ToolsVersion="4.0" xmlns="http://schemas.microsoft.com/developer/msbuild/2003">
  <ItemGroup>
    <Filter Include="Nabi">
      <UniqueIdentifier>{7089c1c9-ae91-49f8-8354-2922d3fdf2bb}</UniqueIdentifier>
    </Filter>
    <Filter Include="Nabi\Miscellaneous">
      <UniqueIdentifier>{57b04350-6f7e-4b5c-9159-8c1bc487bce8}</UniqueIdentifier>
    </Filter>
    <Filter Include="Nabi\Audio">
      <UniqueIdentifier>{9505faec-f613-4c67-9ac7-e9c6dc9783e6}</UniqueIdentifier>
    </Filter>
    <Filter Include="Nabi\Audio\Inc">
      <UniqueIdentifier>{b4678634-d9ea-490e-8e6d-2625bacd02cb}</UniqueIdentifier>
    </Filter>
    <Filter Include="Nabi\Audio\Src">
      <UniqueIdentifier>{d7d5b257-91c4-41dd-bb7c-89e4d4657302}</UniqueIdentifier>
    </Filter>
    <Filter Include="Nabi\Core">
      <UniqueIdentifier>{6be6307c-2087-49c7-93cf-3d0feeffe9a8}</UniqueIdentifier>
    </Filter>
    <Filter Include="Nabi\Core\Inc">
      <UniqueIdentifier>{cd49f1b8-8637-4567-8f7a-9926db1e3ff4}</UniqueIdentifier>
    </Filter>
    <Filter Include="Nabi\Core\Src">
      <UniqueIdentifier>{017e1cea-d6c2-4bbb-b795-33ae2bcc150b}</UniqueIdentifier>
    </Filter>
    <Filter Include="Nabi\ECS">
      <UniqueIdentifier>{086fc726-3f55-4e8a-b7ad-9a9aaec12f05}</UniqueIdentifier>
    </Filter>
    <Filter Include="Nabi\ECS\Inc">
      <UniqueIdentifier>{1d796698-7ffa-46da-b6bc-8e7396ebb716}</UniqueIdentifier>
    </Filter>
    <Filter Include="Nabi\ECS\Inc\CoreComponents">
      <UniqueIdentifier>{ef1d2ebc-d25b-494f-a875-0b4161ab27ee}</UniqueIdentifier>
    </Filter>
    <Filter Include="Nabi\ECS\Inc\CoreComponents\ResourceComponents">
      <UniqueIdentifier>{d2acf663-07c7-4802-98c4-fe77a89e9e23}</UniqueIdentifier>
    </Filter>
    <Filter Include="Nabi\ECS\Inc\CoreComponents\TagComponents">
      <UniqueIdentifier>{0ec23115-9b92-417c-afea-806fe925fed7}</UniqueIdentifier>
    </Filter>
    <Filter Include="Nabi\ECS\Inc\CoreComponents\BaseComponents">
      <UniqueIdentifier>{b756ea2a-5bdf-4210-a577-e04c8e6a74d8}</UniqueIdentifier>
    </Filter>
    <Filter Include="Nabi\ECS\Inc\CoreSystems">
      <UniqueIdentifier>{40a83653-ca00-4418-b2e9-6c7b4ef68e20}</UniqueIdentifier>
    </Filter>
    <Filter Include="Nabi\ECS\Inc\CoreSingletonComponents">
      <UniqueIdentifier>{6422b455-b88f-41c2-8fdd-3d08c30fb191}</UniqueIdentifier>
    </Filter>
    <Filter Include="Nabi\ECS\Inc\CoreModules">
      <UniqueIdentifier>{c8129404-7fac-4b52-a0ea-c11b45c23107}</UniqueIdentifier>
    </Filter>
    <Filter Include="Nabi\ECS\Src">
      <UniqueIdentifier>{7a1f831f-74f6-4ea1-a227-a72a0b60407d}</UniqueIdentifier>
    </Filter>
    <Filter Include="Nabi\ECS\Src\CoreComponents">
      <UniqueIdentifier>{9bd2a158-5181-4db8-a6ab-c2e225766373}</UniqueIdentifier>
    </Filter>
    <Filter Include="Nabi\ECS\Src\CoreComponents\ResourceComponents">
      <UniqueIdentifier>{93324886-3691-473c-9d43-fdcd0d1de7d6}</UniqueIdentifier>
    </Filter>
    <Filter Include="Nabi\ECS\Src\CoreComponents\TagComponents">
      <UniqueIdentifier>{0a1a81d3-b76d-4827-8a6d-521c304e8f10}</UniqueIdentifier>
    </Filter>
    <Filter Include="Nabi\ECS\Src\CoreSystems">
      <UniqueIdentifier>{e19b30f1-11c9-4af0-ada8-e2574a79db81}</UniqueIdentifier>
    </Filter>
    <Filter Include="Nabi\ECS\Src\CoreModules">
      <UniqueIdentifier>{9ab6ba6c-bc56-44c8-8d6f-a51465cdbaee}</UniqueIdentifier>
    </Filter>
    <Filter Include="Nabi\Input">
      <UniqueIdentifier>{958a56bd-a450-4029-b378-f4492a1b71e9}</UniqueIdentifier>
    </Filter>
    <Filter Include="Nabi\Input\Inc">
      <UniqueIdentifier>{e128af16-03d5-4091-8201-a55007987354}</UniqueIdentifier>
    </Filter>
    <Filter Include="Nabi\Input\Src">
      <UniqueIdentifier>{2ac9294b-011e-433f-8ceb-a60b5126e90a}</UniqueIdentifier>
    </Filter>
    <Filter Include="Nabi\Libraries">
      <UniqueIdentifier>{67DA6AB6-F800-4c08-8B7A-83BB121AAD01}</UniqueIdentifier>
      <Extensions>rc;ico;cur;bmp;dlg;rc2;rct;bin;rgs;gif;jpg;jpeg;jpe;resx;tiff;tif;png;wav;mfcribbon-ms</Extensions>
    </Filter>
    <Filter Include="Nabi\Libraries\Inc">
      <UniqueIdentifier>{4bc2feea-4663-4a82-abb8-f441e2259d40}</UniqueIdentifier>
    </Filter>
    <Filter Include="Nabi\Libraries\Inc\entt">
      <UniqueIdentifier>{6480d5e5-787d-4d59-bfc4-eec8ab4461b0}</UniqueIdentifier>
    </Filter>
    <Filter Include="Nabi\Libraries\Inc\pugixml">
      <UniqueIdentifier>{ec83b054-72b3-4a33-8ebe-41b5c402c544}</UniqueIdentifier>
    </Filter>
    <Filter Include="Nabi\Libraries\Inc\WICTextureLoader">
      <UniqueIdentifier>{cc7ec30f-28c8-4a44-a92b-d736f29aea74}</UniqueIdentifier>
    </Filter>
    <Filter Include="Nabi\Libraries\Inc\OBJLoader">
      <UniqueIdentifier>{bf6de238-2596-4852-b795-3d4053a44544}</UniqueIdentifier>
    </Filter>
    <Filter Include="Nabi\Libraries\Inc\thread_pool">
      <UniqueIdentifier>{d8c82ca3-b116-48cd-a61c-950368a126ce}</UniqueIdentifier>
    </Filter>
    <Filter Include="Nabi\Libraries\Src">
      <UniqueIdentifier>{c34aba8b-7ed2-49b0-9292-e339f5cc62e9}</UniqueIdentifier>
    </Filter>
    <Filter Include="Nabi\Libraries\Src\pugixml">
      <UniqueIdentifier>{fc960152-4635-40de-b5dd-e47adc3ddc2d}</UniqueIdentifier>
    </Filter>
    <Filter Include="Nabi\Libraries\Src\WICTextureLoader">
      <UniqueIdentifier>{ffd98577-b66c-462d-bad9-f671ba1b7e54}</UniqueIdentifier>
    </Filter>
    <Filter Include="Nabi\Memory">
      <UniqueIdentifier>{d3252b10-1fda-433e-9183-9cc2e127201d}</UniqueIdentifier>
    </Filter>
    <Filter Include="Nabi\Memory\Inc">
      <UniqueIdentifier>{97f014df-2e45-411e-96a6-42eec3d8fd4e}</UniqueIdentifier>
    </Filter>
    <Filter Include="Nabi\Memory\Src">
      <UniqueIdentifier>{49e81952-64dd-4e96-98c5-feda24242f31}</UniqueIdentifier>
    </Filter>
    <Filter Include="Nabi\Patterns">
      <UniqueIdentifier>{571a13ec-ba5e-4daa-8cb9-3116f895f4cd}</UniqueIdentifier>
    </Filter>
    <Filter Include="Nabi\Patterns\Inc">
      <UniqueIdentifier>{0370f853-dc56-4558-84c3-12537d7752e7}</UniqueIdentifier>
    </Filter>
    <Filter Include="Nabi\Patterns\Src">
      <UniqueIdentifier>{f550c198-f0f8-4bf1-aa57-c4115f7136ec}</UniqueIdentifier>
    </Filter>
    <Filter Include="Nabi\Physics">
      <UniqueIdentifier>{ee1f2c86-46a8-41ad-b7d3-b5c913b11380}</UniqueIdentifier>
    </Filter>
    <Filter Include="Nabi\Physics\Src">
      <UniqueIdentifier>{4334419c-76c7-432c-a7db-d0615c9da309}</UniqueIdentifier>
    </Filter>
    <Filter Include="Nabi\Physics\Inc">
      <UniqueIdentifier>{86b3a7d5-ae80-46bb-a9bc-c62735d27652}</UniqueIdentifier>
    </Filter>
    <Filter Include="Nabi\Reflection">
      <UniqueIdentifier>{ab8c89f5-370a-4970-818a-870ad03113b3}</UniqueIdentifier>
    </Filter>
    <Filter Include="Nabi\Reflection\Inc">
      <UniqueIdentifier>{75b12b87-5e8d-4ec2-b287-7ad4aa9d0f4c}</UniqueIdentifier>
    </Filter>
    <Filter Include="Nabi\Reflection\Src">
      <UniqueIdentifier>{937ee6e6-3d0d-4045-a750-c464f9765bcb}</UniqueIdentifier>
    </Filter>
    <Filter Include="Nabi\Rendering">
      <UniqueIdentifier>{d5eaf5ce-0e5d-4886-b9d2-d79834095410}</UniqueIdentifier>
    </Filter>
    <Filter Include="Nabi\Rendering\Src">
      <UniqueIdentifier>{62f2de42-f4d6-46f2-a136-31ba85bc6773}</UniqueIdentifier>
    </Filter>
    <Filter Include="Nabi\Rendering\Src\Containers">
      <UniqueIdentifier>{fc86e6e8-aec6-41d5-b077-e98e95aa60d2}</UniqueIdentifier>
    </Filter>
    <Filter Include="Nabi\Rendering\Src\Buffers">
      <UniqueIdentifier>{53d4e827-6f78-4fd1-a5ff-4ccfd0c14dcd}</UniqueIdentifier>
    </Filter>
    <Filter Include="Nabi\Rendering\Src\Shaders">
      <UniqueIdentifier>{07af15e9-a155-435a-b716-d0cb906b2bbf}</UniqueIdentifier>
    </Filter>
    <Filter Include="Nabi\Rendering\Src\Textures">
      <UniqueIdentifier>{03d35564-a2ae-4fa2-a335-efb2328f1696}</UniqueIdentifier>
    </Filter>
    <Filter Include="Nabi\Rendering\Shaders">
      <UniqueIdentifier>{181e373e-8a9d-416d-b329-515f8ebd8092}</UniqueIdentifier>
    </Filter>
    <Filter Include="Nabi\Rendering\Inc">
      <UniqueIdentifier>{b34b42c2-a66f-4894-be8e-c8586392ff49}</UniqueIdentifier>
    </Filter>
    <Filter Include="Nabi\Rendering\Inc\Containers">
      <UniqueIdentifier>{77da8503-fe9a-46dc-a57a-f47b93715b79}</UniqueIdentifier>
    </Filter>
    <Filter Include="Nabi\Rendering\Inc\Buffers">
      <UniqueIdentifier>{eb92a748-e67f-436b-97bc-a1336613dd2f}</UniqueIdentifier>
    </Filter>
    <Filter Include="Nabi\Rendering\Inc\Shaders">
      <UniqueIdentifier>{0d872b12-08c1-4933-a10c-46bdf1f31858}</UniqueIdentifier>
    </Filter>
    <Filter Include="Nabi\Rendering\Inc\Textures">
      <UniqueIdentifier>{d4274879-706b-4818-93a8-8f33836e4132}</UniqueIdentifier>
    </Filter>
    <Filter Include="Nabi\Resource">
      <UniqueIdentifier>{a5e5dfb8-a9bb-4cb0-af81-6ef69c30b8c6}</UniqueIdentifier>
    </Filter>
    <Filter Include="Nabi\Resource\Inc">
      <UniqueIdentifier>{2e0ed657-f061-4001-9299-f28039132372}</UniqueIdentifier>
    </Filter>
    <Filter Include="Nabi\Utils">
      <UniqueIdentifier>{46ff4215-b38f-4002-932b-ba91583b407b}</UniqueIdentifier>
    </Filter>
    <Filter Include="Nabi\Utils\Src">
      <UniqueIdentifier>{9e69df40-b9f3-4aa3-a1f3-49c949a04315}</UniqueIdentifier>
    </Filter>
    <Filter Include="Nabi\Utils\Src\UtilClasses">
      <UniqueIdentifier>{7a00fb6d-4950-4efb-9c19-a9431d136dd1}</UniqueIdentifier>
    </Filter>
    <Filter Include="Nabi\Utils\Src\Debug">
      <UniqueIdentifier>{d7e2b8d6-7c53-492d-a497-ee90cfab1fda}</UniqueIdentifier>
    </Filter>
    <Filter Include="Nabi\Utils\Inc">
      <UniqueIdentifier>{bc04c562-fc07-47ed-a467-11abe82ac4a0}</UniqueIdentifier>
    </Filter>
    <Filter Include="Nabi\Utils\Inc\UtilClasses">
      <UniqueIdentifier>{8acc0348-a10c-49e7-adeb-62ae221f5585}</UniqueIdentifier>
    </Filter>
    <Filter Include="Nabi\Utils\Inc\Debug">
      <UniqueIdentifier>{c372661c-c20e-4936-94c5-ad0fa945b5cd}</UniqueIdentifier>
    </Filter>
    <Filter Include="Nabi\Threading">
      <UniqueIdentifier>{d991bd86-7c8c-4608-83f5-ab1968759cf8}</UniqueIdentifier>
    </Filter>
    <Filter Include="Nabi\Threading\Inc">
      <UniqueIdentifier>{9d80781c-d991-419a-bfd1-ce508818fe08}</UniqueIdentifier>
    </Filter>
    <Filter Include="Nabi\Threading\Src">
      <UniqueIdentifier>{c949a568-7af9-4756-835d-1856ffca4bf7}</UniqueIdentifier>
    </Filter>
    <Filter Include="Nabi\Tests">
      <UniqueIdentifier>{97113a89-756d-4a08-a8c8-a67742d7b089}</UniqueIdentifier>
    </Filter>
    <Filter Include="Nabi\Tests\Inc">
      <UniqueIdentifier>{bc112d12-348d-411b-9603-bbd0c0049a77}</UniqueIdentifier>
    </Filter>
    <Filter Include="Nabi\Tests\Inc\Helpers">
      <UniqueIdentifier>{8def6cdf-7876-4b1f-b39f-415016877140}</UniqueIdentifier>
    </Filter>
    <Filter Include="Nabi\Tests\Inc\MockObjects">
      <UniqueIdentifier>{2b352c04-6adb-4975-bec4-b8b729ff0df2}</UniqueIdentifier>
    </Filter>
    <Filter Include="Nabi\Tests\Inc\Examples">
      <UniqueIdentifier>{2c54c233-68b1-4a79-8ec8-2115ea8d44db}</UniqueIdentifier>
    </Filter>
    <Filter Include="Nabi\Tests\Inc\Demo">
      <UniqueIdentifier>{8b3685aa-e146-45d2-99eb-bb41b93dda97}</UniqueIdentifier>
    </Filter>
    <Filter Include="Nabi\Tests\Inc\Demo\ECS">
      <UniqueIdentifier>{b8e28363-960b-4fc0-b9ef-d05259287998}</UniqueIdentifier>
    </Filter>
    <Filter Include="Nabi\Tests\Inc\Demo\ECS\Modules">
      <UniqueIdentifier>{2fe0af00-f013-4432-b935-a2133163580f}</UniqueIdentifier>
    </Filter>
    <Filter Include="Nabi\Tests\Inc\Demo\ECS\Systems">
      <UniqueIdentifier>{47dfd5a5-e7f0-4ee1-8b59-5d689658f5f3}</UniqueIdentifier>
    </Filter>
    <Filter Include="Nabi\Tests\Inc\Demo\ECS\SingletonComponents">
      <UniqueIdentifier>{2145db35-75b0-4e67-b8cf-7715568fd078}</UniqueIdentifier>
    </Filter>
    <Filter Include="Nabi\Tests\Inc\Demo\ECS\Components">
      <UniqueIdentifier>{3e221cf0-35e6-451f-ac39-0bc7fa6539a9}</UniqueIdentifier>
    </Filter>
    <Filter Include="Nabi\Tests\Inc\Demo\Core">
      <UniqueIdentifier>{4e471c79-2bda-4e17-b72d-d01ed08ef3a4}</UniqueIdentifier>
    </Filter>
    <Filter Include="Nabi\Tests\Inc\Demo\UI">
      <UniqueIdentifier>{2e554030-1fb4-4eff-ba4e-9c7fb9d0b767}</UniqueIdentifier>
    </Filter>
    <Filter Include="Nabi\Tests\Src">
      <UniqueIdentifier>{5c9cacad-0939-4a6e-865c-da7b62ddbee2}</UniqueIdentifier>
    </Filter>
    <Filter Include="Nabi\Tests\Src\MockObjects">
      <UniqueIdentifier>{952e4cd6-d393-48d1-9580-4229e707bd8a}</UniqueIdentifier>
    </Filter>
    <Filter Include="Nabi\Tests\Src\Examples">
      <UniqueIdentifier>{0270208b-89b5-480a-80e0-57758aae3163}</UniqueIdentifier>
    </Filter>
    <Filter Include="Nabi\Tests\Src\Demo">
      <UniqueIdentifier>{fe48be7e-bcbe-4eac-92d3-00d3527c0f87}</UniqueIdentifier>
    </Filter>
    <Filter Include="Nabi\Tests\Src\Demo\ECS">
      <UniqueIdentifier>{f54a4224-05e0-45d9-b389-4059bf002f74}</UniqueIdentifier>
    </Filter>
    <Filter Include="Nabi\Tests\Src\Demo\ECS\Modules">
      <UniqueIdentifier>{40c3fd66-e680-46d0-8710-159b87e79a20}</UniqueIdentifier>
    </Filter>
    <Filter Include="Nabi\Tests\Src\Demo\ECS\Systems">
      <UniqueIdentifier>{87af6541-5a7a-4ec4-819a-142695fc9a03}</UniqueIdentifier>
    </Filter>
    <Filter Include="Nabi\Tests\Src\Demo\ECS\SingletonComponents">
      <UniqueIdentifier>{260a0d5c-5af7-419e-a010-2ba9819c8d8e}</UniqueIdentifier>
    </Filter>
    <Filter Include="Nabi\Tests\Src\Demo\ECS\Components">
      <UniqueIdentifier>{7674da46-deed-495b-9632-9163cf3ab64c}</UniqueIdentifier>
    </Filter>
    <Filter Include="Nabi\Tests\Src\Demo\Core">
      <UniqueIdentifier>{08fcebcf-1f6d-4e8f-9d08-f919c965952c}</UniqueIdentifier>
    </Filter>
    <Filter Include="Nabi\Tests\Src\Demo\UI">
      <UniqueIdentifier>{60e2e93d-c412-4644-9a7a-a69e63c085ce}</UniqueIdentifier>
    </Filter>
    <Filter Include="Nabi\Tests\Fixtures">
      <UniqueIdentifier>{ebc8fc32-30a7-4983-8289-5f51713e0797}</UniqueIdentifier>
    </Filter>
    <Filter Include="Nabi\Tests\Fixtures\DebugTests">
      <UniqueIdentifier>{f6435ceb-cba8-452a-9f94-e35dbc3a8414}</UniqueIdentifier>
    </Filter>
    <Filter Include="Nabi\Tests\Fixtures\ReflectionTests">
      <UniqueIdentifier>{4c18c728-e8f4-4b5c-9416-5822f05fd157}</UniqueIdentifier>
    </Filter>
    <Filter Include="Nabi\Tests\Fixtures\ResourceTests">
      <UniqueIdentifier>{7ae99563-f203-4ab5-a182-e667c5d3d74e}</UniqueIdentifier>
    </Filter>
    <Filter Include="Nabi\Tests\Fixtures\RenderingTests">
      <UniqueIdentifier>{9c9e2ca8-7bd9-497c-b016-54ab299e290e}</UniqueIdentifier>
    </Filter>
    <Filter Include="Nabi\Tests\Fixtures\InputTests">
      <UniqueIdentifier>{c648e053-e4ab-4409-ac3e-6e7597a9875c}</UniqueIdentifier>
    </Filter>
    <Filter Include="Nabi\Tests\Fixtures\ECSTests">
      <UniqueIdentifier>{fbd23e0e-db7d-4bd5-830e-95c958609262}</UniqueIdentifier>
    </Filter>
    <Filter Include="Nabi\Tests\Fixtures\PhysicsTests">
      <UniqueIdentifier>{d2dda8f9-6c62-4009-bade-966f7aece7be}</UniqueIdentifier>
    </Filter>
    <Filter Include="Nabi\Tests\Fixtures\AudioTests">
      <UniqueIdentifier>{d05a5cf3-2831-4ca9-accb-978d161e59a7}</UniqueIdentifier>
    </Filter>
    <Filter Include="Nabi\Tests\Data">
      <UniqueIdentifier>{e846808b-fddc-4892-83d1-16ea39b7e354}</UniqueIdentifier>
    </Filter>
    <Filter Include="Nabi\Tests\Data\Reflection">
      <UniqueIdentifier>{890fb8f2-01b0-414d-a265-09e15bc3ce50}</UniqueIdentifier>
    </Filter>
    <Filter Include="Nabi\Tests\Data\Input">
      <UniqueIdentifier>{9507a751-5721-493c-b3a5-198c1b3ee7d1}</UniqueIdentifier>
    </Filter>
    <Filter Include="Nabi\Tests\Data\Audio">
      <UniqueIdentifier>{a99a05ca-14e7-4ff3-a1a0-0718fd2c462e}</UniqueIdentifier>
    </Filter>
    <Filter Include="Nabi\Tests\Data\Demo">
      <UniqueIdentifier>{99d704fb-3862-443b-8680-1bc516ccb487}</UniqueIdentifier>
    </Filter>
    <Filter Include="Nabi\Tests\Data\Physics">
      <UniqueIdentifier>{7b2ff2be-2aa2-41c3-b349-ed63203c40ea}</UniqueIdentifier>
    </Filter>
    <Filter Include="Game">
      <UniqueIdentifier>{2e87287f-dbd1-41a3-bb61-6cf38ca2c563}</UniqueIdentifier>
    </Filter>
  </ItemGroup>
  <ItemGroup>
    <ClCompile Include="Nabi\Audio\Src\AudioCommand.cpp">
      <Filter>Nabi\Audio\Src</Filter>
    </ClCompile>
    <ClCompile Include="Nabi\Audio\Src\AudioEffect.cpp">
      <Filter>Nabi\Audio\Src</Filter>
    </ClCompile>
    <ClCompile Include="Nabi\Core\Src\Console.cpp">
      <Filter>Nabi\Core\Src</Filter>
    </ClCompile>
    <ClCompile Include="Nabi\Core\Src\GameTime.cpp">
      <Filter>Nabi\Core\Src</Filter>
    </ClCompile>
    <ClCompile Include="Nabi\Core\Src\NabiCore.cpp">
      <Filter>Nabi\Core\Src</Filter>
    </ClCompile>
    <ClCompile Include="Nabi\Core\Src\Window.cpp">
      <Filter>Nabi\Core\Src</Filter>
    </ClCompile>
    <ClCompile Include="Nabi\Core\Src\WindowEventsListener.cpp">
      <Filter>Nabi\Core\Src</Filter>
    </ClCompile>
    <ClCompile Include="Nabi\ECS\Src\CoreComponents\ResourceComponents\AudioResourceComponent.cpp">
      <Filter>Nabi\ECS\Src\CoreComponents\ResourceComponents</Filter>
    </ClCompile>
    <ClCompile Include="Nabi\ECS\Src\CoreComponents\ResourceComponents\ModelResourceComponent.cpp">
      <Filter>Nabi\ECS\Src\CoreComponents\ResourceComponents</Filter>
    </ClCompile>
    <ClCompile Include="Nabi\ECS\Src\CoreComponents\ResourceComponents\SpriteResourceComponent.cpp">
      <Filter>Nabi\ECS\Src\CoreComponents\ResourceComponents</Filter>
    </ClCompile>
    <ClCompile Include="Nabi\ECS\Src\CoreComponents\ResourceComponents\TextResourceComponent.cpp">
      <Filter>Nabi\ECS\Src\CoreComponents\ResourceComponents</Filter>
    </ClCompile>
    <ClCompile Include="Nabi\ECS\Src\CoreComponents\TagComponents\DrawOrthographicTagComponent.cpp">
      <Filter>Nabi\ECS\Src\CoreComponents\TagComponents</Filter>
    </ClCompile>
    <ClCompile Include="Nabi\ECS\Src\CoreComponents\TagComponents\DrawPerspectiveTagComponent.cpp">
      <Filter>Nabi\ECS\Src\CoreComponents\TagComponents</Filter>
    </ClCompile>
    <ClCompile Include="Nabi\ECS\Src\CoreComponents\AudioEmitterComponent.cpp">
      <Filter>Nabi\ECS\Src\CoreComponents</Filter>
    </ClCompile>
    <ClCompile Include="Nabi\ECS\Src\CoreComponents\ButtonComponent.cpp">
      <Filter>Nabi\ECS\Src\CoreComponents</Filter>
    </ClCompile>
    <ClCompile Include="Nabi\ECS\Src\CoreComponents\CameraComponent.cpp">
      <Filter>Nabi\ECS\Src\CoreComponents</Filter>
    </ClCompile>
    <ClCompile Include="Nabi\ECS\Src\CoreComponents\ColliderComponent.cpp">
      <Filter>Nabi\ECS\Src\CoreComponents</Filter>
    </ClCompile>
    <ClCompile Include="Nabi\ECS\Src\CoreComponents\LightComponent.cpp">
      <Filter>Nabi\ECS\Src\CoreComponents</Filter>
    </ClCompile>
    <ClCompile Include="Nabi\ECS\Src\CoreComponents\RigidbodyComponent.cpp">
      <Filter>Nabi\ECS\Src\CoreComponents</Filter>
    </ClCompile>
    <ClCompile Include="Nabi\ECS\Src\CoreComponents\TransformComponent.cpp">
      <Filter>Nabi\ECS\Src\CoreComponents</Filter>
    </ClCompile>
    <ClCompile Include="Nabi\ECS\Src\CoreComponents\UISceneComponent.cpp">
      <Filter>Nabi\ECS\Src\CoreComponents</Filter>
    </ClCompile>
    <ClCompile Include="Nabi\ECS\Src\CoreModules\AudioModule.cpp">
      <Filter>Nabi\ECS\Src\CoreModules</Filter>
    </ClCompile>
    <ClCompile Include="Nabi\ECS\Src\CoreModules\CameraModule.cpp">
      <Filter>Nabi\ECS\Src\CoreModules</Filter>
    </ClCompile>
    <ClCompile Include="Nabi\ECS\Src\CoreModules\EntityModule.cpp">
      <Filter>Nabi\ECS\Src\CoreModules</Filter>
    </ClCompile>
    <ClCompile Include="Nabi\ECS\Src\CoreModules\InputModule.cpp">
      <Filter>Nabi\ECS\Src\CoreModules</Filter>
    </ClCompile>
    <ClCompile Include="Nabi\ECS\Src\CoreModules\PhysicsModule.cpp">
      <Filter>Nabi\ECS\Src\CoreModules</Filter>
    </ClCompile>
    <ClCompile Include="Nabi\ECS\Src\CoreModules\RenderModule.cpp">
      <Filter>Nabi\ECS\Src\CoreModules</Filter>
    </ClCompile>
    <ClCompile Include="Nabi\ECS\Src\CoreModules\TextModule.cpp">
      <Filter>Nabi\ECS\Src\CoreModules</Filter>
    </ClCompile>
    <ClCompile Include="Nabi\ECS\Src\CoreModules\UIModule.cpp">
      <Filter>Nabi\ECS\Src\CoreModules</Filter>
    </ClCompile>
    <ClCompile Include="Nabi\ECS\Src\CoreSystems\AudioSystem.cpp">
      <Filter>Nabi\ECS\Src\CoreSystems</Filter>
    </ClCompile>
    <ClCompile Include="Nabi\ECS\Src\CoreSystems\CameraSystem.cpp">
      <Filter>Nabi\ECS\Src\CoreSystems</Filter>
    </ClCompile>
    <ClCompile Include="Nabi\ECS\Src\CoreSystems\CollisionSystem.cpp">
      <Filter>Nabi\ECS\Src\CoreSystems</Filter>
    </ClCompile>
    <ClCompile Include="Nabi\ECS\Src\CoreSystems\InputSystem.cpp">
      <Filter>Nabi\ECS\Src\CoreSystems</Filter>
    </ClCompile>
    <ClCompile Include="Nabi\ECS\Src\CoreSystems\LightingSystem.cpp">
      <Filter>Nabi\ECS\Src\CoreSystems</Filter>
    </ClCompile>
    <ClCompile Include="Nabi\ECS\Src\CoreSystems\PhysicsSystem.cpp">
      <Filter>Nabi\ECS\Src\CoreSystems</Filter>
    </ClCompile>
    <ClCompile Include="Nabi\ECS\Src\CoreSystems\RenderSystem.cpp">
      <Filter>Nabi\ECS\Src\CoreSystems</Filter>
    </ClCompile>
    <ClCompile Include="Nabi\ECS\Src\CoreSystems\UISystem.cpp">
      <Filter>Nabi\ECS\Src\CoreSystems</Filter>
    </ClCompile>
    <ClCompile Include="Nabi\ECS\Src\EntityCreator.cpp">
      <Filter>Nabi\ECS\Src</Filter>
    </ClCompile>
    <ClCompile Include="Nabi\ECS\Src\EntityPropertyList.cpp">
      <Filter>Nabi\ECS\Src</Filter>
    </ClCompile>
    <ClCompile Include="Nabi\Input\Src\InputCodes.cpp">
      <Filter>Nabi\Input\Src</Filter>
    </ClCompile>
    <ClCompile Include="Nabi\Libraries\Src\pugixml\pugixml.cpp">
      <Filter>Nabi\Libraries\Src\pugixml</Filter>
    </ClCompile>
    <ClCompile Include="Nabi\Libraries\Src\WICTextureLoader\WICTextureLoader.cpp">
      <Filter>Nabi\Libraries\Src\WICTextureLoader</Filter>
    </ClCompile>
    <ClCompile Include="Nabi\Memory\Src\Allocator.cpp">
      <Filter>Nabi\Memory\Src</Filter>
    </ClCompile>
    <ClCompile Include="Nabi\Patterns\Src\Singleton.cpp">
      <Filter>Nabi\Patterns\Src</Filter>
    </ClCompile>
    <ClCompile Include="Nabi\Physics\Src\CollisionSolvers.cpp">
      <Filter>Nabi\Physics\Src</Filter>
    </ClCompile>
    <ClCompile Include="Nabi\Reflection\Src\BaseTypeReflection.cpp">
      <Filter>Nabi\Reflection\Src</Filter>
    </ClCompile>
    <ClCompile Include="Nabi\Reflection\Src\EntityCreation.cpp">
      <Filter>Nabi\Reflection\Src</Filter>
    </ClCompile>
    <ClCompile Include="Nabi\Reflection\Src\StringConverter.cpp">
      <Filter>Nabi\Reflection\Src</Filter>
    </ClCompile>
    <ClCompile Include="Nabi\Reflection\Src\StringStore.cpp">
      <Filter>Nabi\Reflection\Src</Filter>
    </ClCompile>
    <ClCompile Include="Nabi\Reflection\Src\XmlParser.cpp">
      <Filter>Nabi\Reflection\Src</Filter>
    </ClCompile>
    <ClCompile Include="Nabi\Rendering\Src\Buffers\ConstantBuffer.cpp">
      <Filter>Nabi\Rendering\Src\Buffers</Filter>
    </ClCompile>
    <ClCompile Include="Nabi\Rendering\Src\Buffers\IndexBuffer.cpp">
      <Filter>Nabi\Rendering\Src\Buffers</Filter>
    </ClCompile>
    <ClCompile Include="Nabi\Rendering\Src\Buffers\RenderBuffers.cpp">
      <Filter>Nabi\Rendering\Src\Buffers</Filter>
    </ClCompile>
    <ClCompile Include="Nabi\Rendering\Src\Buffers\VertexBuffer.cpp">
      <Filter>Nabi\Rendering\Src\Buffers</Filter>
    </ClCompile>
    <ClCompile Include="Nabi\Rendering\Src\Containers\Colour.cpp">
      <Filter>Nabi\Rendering\Src\Containers</Filter>
    </ClCompile>
    <ClCompile Include="Nabi\Rendering\Src\Containers\UVs.cpp">
      <Filter>Nabi\Rendering\Src\Containers</Filter>
    </ClCompile>
    <ClCompile Include="Nabi\Rendering\Src\Shaders\PixelShader.cpp">
      <Filter>Nabi\Rendering\Src\Shaders</Filter>
    </ClCompile>
    <ClCompile Include="Nabi\Rendering\Src\Shaders\VertexShader.cpp">
      <Filter>Nabi\Rendering\Src\Shaders</Filter>
    </ClCompile>
    <ClCompile Include="Nabi\Rendering\Src\Textures\Texture.cpp">
      <Filter>Nabi\Rendering\Src\Textures</Filter>
    </ClCompile>
    <ClCompile Include="Nabi\Rendering\Src\RenderCommand.cpp">
      <Filter>Nabi\Rendering\Src</Filter>
    </ClCompile>
    <ClCompile Include="Nabi\Threading\Src\ThreadCommand.cpp">
      <Filter>Nabi\Threading\Src</Filter>
    </ClCompile>
    <ClCompile Include="Nabi\Utils\Src\Debug\DXException.cpp">
      <Filter>Nabi\Utils\Src\Debug</Filter>
    </ClCompile>
    <ClCompile Include="Nabi\Utils\Src\UtilClasses\Logger.cpp">
      <Filter>Nabi\Utils\Src\UtilClasses</Filter>
    </ClCompile>
    <ClCompile Include="Nabi\Utils\Src\DirectXUtils.cpp">
      <Filter>Nabi\Utils\Src</Filter>
    </ClCompile>
    <ClCompile Include="Nabi\Utils\Src\ECSUtils.cpp">
      <Filter>Nabi\Utils\Src</Filter>
    </ClCompile>
    <ClCompile Include="Nabi\Utils\Src\MathUtils.cpp">
      <Filter>Nabi\Utils\Src</Filter>
    </ClCompile>
    <ClCompile Include="Nabi\Utils\Src\StringUtils.cpp">
      <Filter>Nabi\Utils\Src</Filter>
    </ClCompile>
    <ClCompile Include="Nabi\Tests\Fixtures\AudioTests\AudioInitTests.cpp">
      <Filter>Nabi\Tests\Fixtures\AudioTests</Filter>
    </ClCompile>
    <ClCompile Include="Nabi\Tests\Fixtures\AudioTests\AudioPlayingTests.cpp">
      <Filter>Nabi\Tests\Fixtures\AudioTests</Filter>
    </ClCompile>
    <ClCompile Include="Nabi\Tests\Fixtures\AudioTests\AudioUpdateTests.cpp">
      <Filter>Nabi\Tests\Fixtures\AudioTests</Filter>
    </ClCompile>
    <ClCompile Include="Nabi\Tests\Fixtures\DebugTests\LoggingTests.cpp">
      <Filter>Nabi\Tests\Fixtures\DebugTests</Filter>
    </ClCompile>
    <ClCompile Include="Nabi\Tests\Fixtures\ECSTests\SystemEventsTests.cpp">
      <Filter>Nabi\Tests\Fixtures\ECSTests</Filter>
    </ClCompile>
    <ClCompile Include="Nabi\Tests\Fixtures\InputTests\InputStateTests.cpp">
      <Filter>Nabi\Tests\Fixtures\InputTests</Filter>
    </ClCompile>
    <ClCompile Include="Nabi\Tests\Fixtures\InputTests\UITests.cpp">
      <Filter>Nabi\Tests\Fixtures\InputTests</Filter>
    </ClCompile>
    <ClCompile Include="Nabi\Tests\Fixtures\PhysicsTests\CollisionTests.cpp">
      <Filter>Nabi\Tests\Fixtures\PhysicsTests</Filter>
    </ClCompile>
    <ClCompile Include="Nabi\Tests\Fixtures\PhysicsTests\RaycastTests.cpp">
      <Filter>Nabi\Tests\Fixtures\PhysicsTests</Filter>
    </ClCompile>
    <ClCompile Include="Nabi\Tests\Fixtures\PhysicsTests\RigidbodyTests.cpp">
      <Filter>Nabi\Tests\Fixtures\PhysicsTests</Filter>
    </ClCompile>
    <ClCompile Include="Nabi\Tests\Fixtures\ReflectionTests\ReflectionDebugAttributeTests.cpp">
      <Filter>Nabi\Tests\Fixtures\ReflectionTests</Filter>
    </ClCompile>
    <ClCompile Include="Nabi\Tests\Fixtures\ReflectionTests\ReflectionEnumTests.cpp">
      <Filter>Nabi\Tests\Fixtures\ReflectionTests</Filter>
    </ClCompile>
    <ClCompile Include="Nabi\Tests\Fixtures\ReflectionTests\ReflectionInitTests.cpp">
      <Filter>Nabi\Tests\Fixtures\ReflectionTests</Filter>
    </ClCompile>
    <ClCompile Include="Nabi\Tests\Fixtures\ReflectionTests\ReflectionRuntimeEntityCreationTests.cpp">
      <Filter>Nabi\Tests\Fixtures\ReflectionTests</Filter>
    </ClCompile>
    <ClCompile Include="Nabi\Tests\Fixtures\ReflectionTests\ReflectionTemplateTests.cpp">
      <Filter>Nabi\Tests\Fixtures\ReflectionTests</Filter>
    </ClCompile>
    <ClCompile Include="Nabi\Tests\Fixtures\RenderingTests\RenderingCreationTests.cpp">
      <Filter>Nabi\Tests\Fixtures\RenderingTests</Filter>
    </ClCompile>
    <ClCompile Include="Nabi\Tests\Fixtures\ResourceTests\ResourceLoadTests.cpp">
      <Filter>Nabi\Tests\Fixtures\ResourceTests</Filter>
    </ClCompile>
    <ClCompile Include="Nabi\Tests\Src\Demo\Core\Demo.cpp">
      <Filter>Nabi\Tests\Src\Demo\Core</Filter>
    </ClCompile>
    <ClCompile Include="Nabi\Tests\Src\Demo\Core\DemoAssetBank.cpp">
      <Filter>Nabi\Tests\Src\Demo\Core</Filter>
    </ClCompile>
    <ClCompile Include="Nabi\Tests\Src\Demo\Core\DemoEnums.cpp">
      <Filter>Nabi\Tests\Src\Demo\Core</Filter>
    </ClCompile>
    <ClCompile Include="Nabi\Tests\Src\Demo\ECS\Components\AsteroidComponent.cpp">
      <Filter>Nabi\Tests\Src\Demo\ECS\Components</Filter>
    </ClCompile>
    <ClCompile Include="Nabi\Tests\Src\Demo\ECS\Components\PlayerComponent.cpp">
      <Filter>Nabi\Tests\Src\Demo\ECS\Components</Filter>
    </ClCompile>
    <ClCompile Include="Nabi\Tests\Src\Demo\ECS\Modules\DemoModule.cpp">
      <Filter>Nabi\Tests\Src\Demo\ECS\Modules</Filter>
    </ClCompile>
    <ClCompile Include="Nabi\Tests\Src\Demo\ECS\SingletonComponents\DemoPropertiesComponent.cpp">
      <Filter>Nabi\Tests\Src\Demo\ECS\SingletonComponents</Filter>
    </ClCompile>
    <ClCompile Include="Nabi\Tests\Src\Demo\ECS\Systems\AsteroidSystem.cpp">
      <Filter>Nabi\Tests\Src\Demo\ECS\Systems</Filter>
    </ClCompile>
    <ClCompile Include="Nabi\Tests\Src\Demo\ECS\Systems\PlayerSystem.cpp">
      <Filter>Nabi\Tests\Src\Demo\ECS\Systems</Filter>
    </ClCompile>
    <ClCompile Include="Nabi\Tests\Src\Demo\UI\DemoUIScene.cpp">
      <Filter>Nabi\Tests\Src\Demo\UI</Filter>
    </ClCompile>
    <ClCompile Include="Nabi\Tests\Src\Examples\TestAudio.cpp">
      <Filter>Nabi\Tests\Src\Examples</Filter>
    </ClCompile>
    <ClCompile Include="Nabi\Tests\Src\Examples\TestDraw.cpp">
      <Filter>Nabi\Tests\Src\Examples</Filter>
    </ClCompile>
    <ClCompile Include="Nabi\Tests\Src\Examples\TestInput.cpp">
      <Filter>Nabi\Tests\Src\Examples</Filter>
    </ClCompile>
    <ClCompile Include="Nabi\Tests\Src\Examples\TestPhysics.cpp">
      <Filter>Nabi\Tests\Src\Examples</Filter>
    </ClCompile>
    <ClCompile Include="Nabi\Tests\Src\Examples\TestThreading.cpp">
      <Filter>Nabi\Tests\Src\Examples</Filter>
    </ClCompile>
    <ClCompile Include="Nabi\Tests\Src\MockObjects\MockComponent.cpp">
      <Filter>Nabi\Tests\Src\MockObjects</Filter>
    </ClCompile>
    <ClCompile Include="Nabi\Tests\Src\MockObjects\MockCustomDataType.cpp">
      <Filter>Nabi\Tests\Src\MockObjects</Filter>
    </ClCompile>
    <ClCompile Include="Nabi\Tests\Src\MockObjects\MockEnum.cpp">
      <Filter>Nabi\Tests\Src\MockObjects</Filter>
    </ClCompile>
    <ClCompile Include="Nabi\Tests\Src\MockObjects\MockGameCore.cpp">
      <Filter>Nabi\Tests\Src\MockObjects</Filter>
    </ClCompile>
    <ClCompile Include="Nabi\Tests\Src\MockObjects\MockSystem.cpp">
      <Filter>Nabi\Tests\Src\MockObjects</Filter>
    </ClCompile>
    <ClCompile Include="main.cpp" />
  </ItemGroup>
  <ItemGroup>
    <ClInclude Include="Nabi\Audio\Inc\AudioCommand.h">
      <Filter>Nabi\Audio\Inc</Filter>
    </ClInclude>
    <ClInclude Include="Nabi\Audio\Inc\AudioEffect.h">
      <Filter>Nabi\Audio\Inc</Filter>
    </ClInclude>
    <ClInclude Include="Nabi\Audio\Inc\AudioIncludes.h">
      <Filter>Nabi\Audio\Inc</Filter>
    </ClInclude>
    <ClInclude Include="Nabi\Audio\Inc\AudioSourceVoice.h">
      <Filter>Nabi\Audio\Inc</Filter>
    </ClInclude>
    <ClInclude Include="Nabi\Audio\Inc\XAudioObjects.h">
      <Filter>Nabi\Audio\Inc</Filter>
    </ClInclude>
    <ClInclude Include="Nabi\Core\Inc\Config.h">
      <Filter>Nabi\Core\Inc</Filter>
    </ClInclude>
    <ClInclude Include="Nabi\Core\Inc\Console.h">
      <Filter>Nabi\Core\Inc</Filter>
    </ClInclude>
    <ClInclude Include="Nabi\Core\Inc\Context.h">
      <Filter>Nabi\Core\Inc</Filter>
    </ClInclude>
    <ClInclude Include="Nabi\Core\Inc\Defines.h">
      <Filter>Nabi\Core\Inc</Filter>
    </ClInclude>
    <ClInclude Include="Nabi\Core\Inc\DirectXIncludes.h">
      <Filter>Nabi\Core\Inc</Filter>
    </ClInclude>
    <ClInclude Include="Nabi\Core\Inc\GameTime.h">
      <Filter>Nabi\Core\Inc</Filter>
    </ClInclude>
    <ClInclude Include="Nabi\Core\Inc\InitSettings.h">
      <Filter>Nabi\Core\Inc</Filter>
    </ClInclude>
    <ClInclude Include="Nabi\Core\Inc\Main.h">
      <Filter>Nabi\Core\Inc</Filter>
    </ClInclude>
    <ClInclude Include="Nabi\Core\Inc\NabiCore.h">
      <Filter>Nabi\Core\Inc</Filter>
    </ClInclude>
    <ClInclude Include="Nabi\Core\Inc\NabiEventsManager.h">
      <Filter>Nabi\Core\Inc</Filter>
    </ClInclude>
    <ClInclude Include="Nabi\Core\Inc\Window.h">
      <Filter>Nabi\Core\Inc</Filter>
    </ClInclude>
    <ClInclude Include="Nabi\Core\Inc\WindowEventsListener.h">
      <Filter>Nabi\Core\Inc</Filter>
    </ClInclude>
    <ClInclude Include="Nabi\Core\Inc\WinIncludes.h">
      <Filter>Nabi\Core\Inc</Filter>
    </ClInclude>
    <ClInclude Include="Nabi\Core\Inc\WorldConstants.h">
      <Filter>Nabi\Core\Inc</Filter>
    </ClInclude>
    <ClInclude Include="Nabi\Core\EngineCore.h">
      <Filter>Nabi\Core\Inc</Filter>
    </ClInclude>
    <ClInclude Include="Nabi\ECS\Inc\CoreComponents\BaseComponents\UIElementComponentBase.h">
      <Filter>Nabi\ECS\Inc\CoreComponents\BaseComponents</Filter>
    </ClInclude>
    <ClInclude Include="Nabi\ECS\Inc\CoreComponents\ResourceComponents\AudioResourceComponent.h">
      <Filter>Nabi\ECS\Inc\CoreComponents\ResourceComponents</Filter>
    </ClInclude>
    <ClInclude Include="Nabi\ECS\Inc\CoreComponents\ResourceComponents\ModelResourceComponent.h">
      <Filter>Nabi\ECS\Inc\CoreComponents\ResourceComponents</Filter>
    </ClInclude>
    <ClInclude Include="Nabi\ECS\Inc\CoreComponents\ResourceComponents\SpriteResourceComponent.h">
      <Filter>Nabi\ECS\Inc\CoreComponents\ResourceComponents</Filter>
    </ClInclude>
    <ClInclude Include="Nabi\ECS\Inc\CoreComponents\ResourceComponents\TextResourceComponent.h">
      <Filter>Nabi\ECS\Inc\CoreComponents\ResourceComponents</Filter>
    </ClInclude>
    <ClInclude Include="Nabi\ECS\Inc\CoreComponents\TagComponents\DrawOrthographicTagComponent.h">
      <Filter>Nabi\ECS\Inc\CoreComponents\TagComponents</Filter>
    </ClInclude>
    <ClInclude Include="Nabi\ECS\Inc\CoreComponents\TagComponents\DrawPerspectiveTagComponent.h">
      <Filter>Nabi\ECS\Inc\CoreComponents\TagComponents</Filter>
    </ClInclude>
    <ClInclude Include="Nabi\ECS\Inc\CoreComponents\AudioEmitterComponent.h">
      <Filter>Nabi\ECS\Inc\CoreComponents</Filter>
    </ClInclude>
    <ClInclude Include="Nabi\ECS\Inc\CoreComponents\BufferComponent.h">
      <Filter>Nabi\ECS\Inc\CoreComponents</Filter>
    </ClInclude>
    <ClInclude Include="Nabi\ECS\Inc\CoreComponents\ButtonComponent.h">
      <Filter>Nabi\ECS\Inc\CoreComponents</Filter>
    </ClInclude>
    <ClInclude Include="Nabi\ECS\Inc\CoreComponents\CameraComponent.h">
      <Filter>Nabi\ECS\Inc\CoreComponents</Filter>
    </ClInclude>
    <ClInclude Include="Nabi\ECS\Inc\CoreComponents\ColliderComponent.h">
      <Filter>Nabi\ECS\Inc\CoreComponents</Filter>
    </ClInclude>
    <ClInclude Include="Nabi\ECS\Inc\CoreComponents\EntityInfoComponent.h">
      <Filter>Nabi\ECS\Inc\CoreComponents</Filter>
    </ClInclude>
    <ClInclude Include="Nabi\ECS\Inc\CoreComponents\LightComponent.h">
      <Filter>Nabi\ECS\Inc\CoreComponents</Filter>
    </ClInclude>
    <ClInclude Include="Nabi\ECS\Inc\CoreComponents\RigidbodyComponent.h">
      <Filter>Nabi\ECS\Inc\CoreComponents</Filter>
    </ClInclude>
    <ClInclude Include="Nabi\ECS\Inc\CoreComponents\ShaderComponent.h">
      <Filter>Nabi\ECS\Inc\CoreComponents</Filter>
    </ClInclude>
    <ClInclude Include="Nabi\ECS\Inc\CoreComponents\SpatialHierarchyComponent.h">
      <Filter>Nabi\ECS\Inc\CoreComponents</Filter>
    </ClInclude>
    <ClInclude Include="Nabi\ECS\Inc\CoreComponents\TextComponent.h">
      <Filter>Nabi\ECS\Inc\CoreComponents</Filter>
    </ClInclude>
    <ClInclude Include="Nabi\ECS\Inc\CoreComponents\TextureComponent.h">
      <Filter>Nabi\ECS\Inc\CoreComponents</Filter>
    </ClInclude>
    <ClInclude Include="Nabi\ECS\Inc\CoreComponents\TransformComponent.h">
      <Filter>Nabi\ECS\Inc\CoreComponents</Filter>
    </ClInclude>
    <ClInclude Include="Nabi\ECS\Inc\CoreComponents\UISceneComponent.h">
      <Filter>Nabi\ECS\Inc\CoreComponents</Filter>
    </ClInclude>
    <ClInclude Include="Nabi\ECS\Inc\CoreModules\AudioModule.h">
      <Filter>Nabi\ECS\Inc\CoreModules</Filter>
    </ClInclude>
    <ClInclude Include="Nabi\ECS\Inc\CoreModules\CameraModule.h">
      <Filter>Nabi\ECS\Inc\CoreModules</Filter>
    </ClInclude>
    <ClInclude Include="Nabi\ECS\Inc\CoreModules\EntityModule.h">
      <Filter>Nabi\ECS\Inc\CoreModules</Filter>
    </ClInclude>
    <ClInclude Include="Nabi\ECS\Inc\CoreModules\InputModule.h">
      <Filter>Nabi\ECS\Inc\CoreModules</Filter>
    </ClInclude>
    <ClInclude Include="Nabi\ECS\Inc\CoreModules\PhysicsModule.h">
      <Filter>Nabi\ECS\Inc\CoreModules</Filter>
    </ClInclude>
    <ClInclude Include="Nabi\ECS\Inc\CoreModules\ReflectionModule.h">
      <Filter>Nabi\ECS\Inc\CoreModules</Filter>
    </ClInclude>
    <ClInclude Include="Nabi\ECS\Inc\CoreModules\RenderModule.h">
      <Filter>Nabi\ECS\Inc\CoreModules</Filter>
    </ClInclude>
    <ClInclude Include="Nabi\ECS\Inc\CoreModules\TextModule.h">
      <Filter>Nabi\ECS\Inc\CoreModules</Filter>
    </ClInclude>
    <ClInclude Include="Nabi\ECS\Inc\CoreModules\UIModule.h">
      <Filter>Nabi\ECS\Inc\CoreModules</Filter>
    </ClInclude>
    <ClInclude Include="Nabi\ECS\Inc\CoreSingletonComponents\AudioStateComponent.h">
      <Filter>Nabi\ECS\Inc\CoreSingletonComponents</Filter>
    </ClInclude>
    <ClInclude Include="Nabi\ECS\Inc\CoreSingletonComponents\CollisionStateComponent.h">
      <Filter>Nabi\ECS\Inc\CoreSingletonComponents</Filter>
    </ClInclude>
    <ClInclude Include="Nabi\ECS\Inc\CoreSingletonComponents\GraphicsComponent.h">
      <Filter>Nabi\ECS\Inc\CoreSingletonComponents</Filter>
    </ClInclude>
    <ClInclude Include="Nabi\ECS\Inc\CoreSingletonComponents\InputStateComponent.h">
      <Filter>Nabi\ECS\Inc\CoreSingletonComponents</Filter>
    </ClInclude>
    <ClInclude Include="Nabi\ECS\Inc\CoreSingletonComponents\LightStateComponent.h">
      <Filter>Nabi\ECS\Inc\CoreSingletonComponents</Filter>
    </ClInclude>
    <ClInclude Include="Nabi\ECS\Inc\CoreSingletonComponents\UIStateComponent.h">
      <Filter>Nabi\ECS\Inc\CoreSingletonComponents</Filter>
    </ClInclude>
    <ClInclude Include="Nabi\ECS\Inc\CoreSystems\AudioSystem.h">
      <Filter>Nabi\ECS\Inc\CoreSystems</Filter>
    </ClInclude>
    <ClInclude Include="Nabi\ECS\Inc\CoreSystems\CameraSystem.h">
      <Filter>Nabi\ECS\Inc\CoreSystems</Filter>
    </ClInclude>
    <ClInclude Include="Nabi\ECS\Inc\CoreSystems\CollisionSystem.h">
      <Filter>Nabi\ECS\Inc\CoreSystems</Filter>
    </ClInclude>
    <ClInclude Include="Nabi\ECS\Inc\CoreSystems\InputSystem.h">
      <Filter>Nabi\ECS\Inc\CoreSystems</Filter>
    </ClInclude>
    <ClInclude Include="Nabi\ECS\Inc\CoreSystems\LightingSystem.h">
      <Filter>Nabi\ECS\Inc\CoreSystems</Filter>
    </ClInclude>
    <ClInclude Include="Nabi\ECS\Inc\CoreSystems\PhysicsSystem.h">
      <Filter>Nabi\ECS\Inc\CoreSystems</Filter>
    </ClInclude>
    <ClInclude Include="Nabi\ECS\Inc\CoreSystems\RenderSystem.h">
      <Filter>Nabi\ECS\Inc\CoreSystems</Filter>
    </ClInclude>
    <ClInclude Include="Nabi\ECS\Inc\CoreSystems\UISystem.h">
      <Filter>Nabi\ECS\Inc\CoreSystems</Filter>
    </ClInclude>
    <ClInclude Include="Nabi\ECS\Inc\ComponentBase.h">
      <Filter>Nabi\ECS\Inc</Filter>
    </ClInclude>
    <ClInclude Include="Nabi\ECS\Inc\ECSGlobals.h">
      <Filter>Nabi\ECS\Inc</Filter>
    </ClInclude>
    <ClInclude Include="Nabi\ECS\Inc\EntityCreator.h">
      <Filter>Nabi\ECS\Inc</Filter>
    </ClInclude>
    <ClInclude Include="Nabi\ECS\Inc\EntityGroup.h">
      <Filter>Nabi\ECS\Inc</Filter>
    </ClInclude>
    <ClInclude Include="Nabi\ECS\Inc\EntityPropertyList.h">
      <Filter>Nabi\ECS\Inc</Filter>
    </ClInclude>
    <ClInclude Include="Nabi\ECS\Inc\SystemBase.h">
      <Filter>Nabi\ECS\Inc</Filter>
    </ClInclude>
    <ClInclude Include="Nabi\Input\Inc\InputCodes.h">
      <Filter>Nabi\Input\Inc</Filter>
    </ClInclude>
    <ClInclude Include="Nabi\Input\Inc\InputIncludes.h">
      <Filter>Nabi\Input\Inc</Filter>
    </ClInclude>
    <ClInclude Include="Nabi\Input\Inc\InputState.h">
      <Filter>Nabi\Input\Inc</Filter>
    </ClInclude>
    <ClInclude Include="Nabi\Libraries\Inc\entt\entt.h">
      <Filter>Nabi\Libraries\Inc\entt</Filter>
    </ClInclude>
    <ClInclude Include="Nabi\Libraries\Inc\OBJLoader\OBJLoader.h">
      <Filter>Nabi\Libraries\Inc\OBJLoader</Filter>
    </ClInclude>
    <ClInclude Include="Nabi\Libraries\Inc\pugixml\pugiconfig.hpp">
      <Filter>Nabi\Libraries\Inc\pugixml</Filter>
    </ClInclude>
    <ClInclude Include="Nabi\Libraries\Inc\pugixml\pugixml.hpp">
      <Filter>Nabi\Libraries\Inc\pugixml</Filter>
    </ClInclude>
    <ClInclude Include="Nabi\Libraries\Inc\thread_pool\thread_pool.h">
      <Filter>Nabi\Libraries\Inc\thread_pool</Filter>
    </ClInclude>
    <ClInclude Include="Nabi\Libraries\Inc\thread_pool\thread_safe_queue.h">
      <Filter>Nabi\Libraries\Inc\thread_pool</Filter>
    </ClInclude>
    <ClInclude Include="Nabi\Libraries\Inc\WICTextureLoader\WICTextureLoader.h">
      <Filter>Nabi\Libraries\Inc\WICTextureLoader</Filter>
    </ClInclude>
    <ClInclude Include="Nabi\Memory\Inc\Allocator.h">
      <Filter>Nabi\Memory\Inc</Filter>
    </ClInclude>
    <ClInclude Include="Nabi\Patterns\Inc\Singleton.h">
      <Filter>Nabi\Patterns\Inc</Filter>
    </ClInclude>
    <ClInclude Include="Nabi\Physics\Inc\AABB.h">
      <Filter>Nabi\Physics\Inc</Filter>
    </ClInclude>
    <ClInclude Include="Nabi\Physics\Inc\Collision.h">
      <Filter>Nabi\Physics\Inc</Filter>
    </ClInclude>
    <ClInclude Include="Nabi\Physics\Inc\CollisionSolvers.h">
      <Filter>Nabi\Physics\Inc</Filter>
    </ClInclude>
    <ClInclude Include="Nabi\Physics\Inc\Ray.h">
      <Filter>Nabi\Physics\Inc</Filter>
    </ClInclude>
    <ClInclude Include="Nabi\Physics\Inc\RaycastHitResult.h">
      <Filter>Nabi\Physics\Inc</Filter>
    </ClInclude>
    <ClInclude Include="Nabi\Reflection\Inc\BaseTypeReflection.h">
      <Filter>Nabi\Reflection\Inc</Filter>
    </ClInclude>
    <ClInclude Include="Nabi\Reflection\Inc\EntityCreation.h">
      <Filter>Nabi\Reflection\Inc</Filter>
    </ClInclude>
    <ClInclude Include="Nabi\Reflection\Inc\EnumConverter.h">
      <Filter>Nabi\Reflection\Inc</Filter>
    </ClInclude>
    <ClInclude Include="Nabi\Reflection\Inc\MetaECSTypes.h">
      <Filter>Nabi\Reflection\Inc</Filter>
    </ClInclude>
    <ClInclude Include="Nabi\Reflection\Inc\MetaObjectLookup.h">
      <Filter>Nabi\Reflection\Inc</Filter>
    </ClInclude>
    <ClInclude Include="Nabi\Reflection\Inc\ReflectionGlobals.h">
      <Filter>Nabi\Reflection\Inc</Filter>
    </ClInclude>
    <ClInclude Include="Nabi\Reflection\Inc\ReflectionHelpers.h">
      <Filter>Nabi\Reflection\Inc</Filter>
    </ClInclude>
    <ClInclude Include="Nabi\Reflection\Inc\ReflectionIncludes.h">
      <Filter>Nabi\Reflection\Inc</Filter>
    </ClInclude>
    <ClInclude Include="Nabi\Reflection\Inc\ReflectionMacros.h">
      <Filter>Nabi\Reflection\Inc</Filter>
    </ClInclude>
    <ClInclude Include="Nabi\Reflection\Inc\StringConverter.h">
      <Filter>Nabi\Reflection\Inc</Filter>
    </ClInclude>
    <ClInclude Include="Nabi\Reflection\Inc\StringStore.h">
      <Filter>Nabi\Reflection\Inc</Filter>
    </ClInclude>
    <ClInclude Include="Nabi\Reflection\Inc\XmlParser.h">
      <Filter>Nabi\Reflection\Inc</Filter>
    </ClInclude>
    <ClInclude Include="Nabi\Rendering\Inc\Buffers\ConstantBuffer.h">
      <Filter>Nabi\Rendering\Inc\Buffers</Filter>
    </ClInclude>
    <ClInclude Include="Nabi\Rendering\Inc\Buffers\IndexBuffer.h">
      <Filter>Nabi\Rendering\Inc\Buffers</Filter>
    </ClInclude>
    <ClInclude Include="Nabi\Rendering\Inc\Buffers\RenderBuffers.h">
      <Filter>Nabi\Rendering\Inc\Buffers</Filter>
    </ClInclude>
    <ClInclude Include="Nabi\Rendering\Inc\Buffers\VertexBuffer.h">
      <Filter>Nabi\Rendering\Inc\Buffers</Filter>
    </ClInclude>
    <ClInclude Include="Nabi\Rendering\Inc\Containers\Colour.h">
      <Filter>Nabi\Rendering\Inc\Containers</Filter>
    </ClInclude>
    <ClInclude Include="Nabi\Rendering\Inc\Containers\UVs.h">
      <Filter>Nabi\Rendering\Inc\Containers</Filter>
    </ClInclude>
    <ClInclude Include="Nabi\Rendering\Inc\Containers\Vertex.h">
      <Filter>Nabi\Rendering\Inc\Containers</Filter>
    </ClInclude>
    <ClInclude Include="Nabi\Rendering\Inc\Shaders\PixelShader.h">
      <Filter>Nabi\Rendering\Inc\Shaders</Filter>
    </ClInclude>
    <ClInclude Include="Nabi\Rendering\Inc\Shaders\VertexShader.h">
      <Filter>Nabi\Rendering\Inc\Shaders</Filter>
    </ClInclude>
    <ClInclude Include="Nabi\Rendering\Inc\Textures\Sampler.h">
      <Filter>Nabi\Rendering\Inc\Textures</Filter>
    </ClInclude>
    <ClInclude Include="Nabi\Rendering\Inc\Textures\Texture.h">
      <Filter>Nabi\Rendering\Inc\Textures</Filter>
    </ClInclude>
    <ClInclude Include="Nabi\Rendering\Inc\DXObjects.h">
      <Filter>Nabi\Rendering\Inc</Filter>
    </ClInclude>
    <ClInclude Include="Nabi\Rendering\Inc\RenderCommand.h">
      <Filter>Nabi\Rendering\Inc</Filter>
    </ClInclude>
    <ClInclude Include="Nabi\Resource\Inc\AssetBank.h">
      <Filter>Nabi\Resource\Inc</Filter>
    </ClInclude>
    <ClInclude Include="Nabi\Resource\Inc\ResourceBank.h">
      <Filter>Nabi\Resource\Inc</Filter>
    </ClInclude>
    <ClInclude Include="Nabi\Resource\Inc\ResourceWrappers.h">
      <Filter>Nabi\Resource\Inc</Filter>
    </ClInclude>
    <ClInclude Include="Nabi\Threading\Inc\LockCriticalSection.h">
      <Filter>Nabi\Threading\Inc</Filter>
    </ClInclude>
    <ClInclude Include="Nabi\Threading\Inc\ThreadCommand.h">
      <Filter>Nabi\Threading\Inc</Filter>
    </ClInclude>
    <ClInclude Include="Nabi\Threading\Inc\ThreadingObjects.h">
      <Filter>Nabi\Threading\Inc</Filter>
    </ClInclude>
    <ClInclude Include="Nabi\Utils\Inc\Debug\DXException.h">
      <Filter>Nabi\Utils\Inc\Debug</Filter>
    </ClInclude>
    <ClInclude Include="Nabi\Utils\Inc\Debug\EngineLoggingCatagories.h">
      <Filter>Nabi\Utils\Inc\Debug</Filter>
    </ClInclude>
    <ClInclude Include="Nabi\Utils\Inc\UtilClasses\Logger.h">
      <Filter>Nabi\Utils\Inc\UtilClasses</Filter>
    </ClInclude>
    <ClInclude Include="Nabi\Utils\Inc\BuildUtils.h">
      <Filter>Nabi\Utils\Inc</Filter>
    </ClInclude>
    <ClInclude Include="Nabi\Utils\Inc\DebugUtils.h">
      <Filter>Nabi\Utils\Inc</Filter>
    </ClInclude>
    <ClInclude Include="Nabi\Utils\Inc\DirectXUtils.h">
      <Filter>Nabi\Utils\Inc</Filter>
    </ClInclude>
    <ClInclude Include="Nabi\Utils\Inc\ECSUtils.h">
      <Filter>Nabi\Utils\Inc</Filter>
    </ClInclude>
    <ClInclude Include="Nabi\Utils\Inc\EngineUtils.h">
      <Filter>Nabi\Utils\Inc</Filter>
    </ClInclude>
    <ClInclude Include="Nabi\Utils\Inc\MathUtils.h">
      <Filter>Nabi\Utils\Inc</Filter>
    </ClInclude>
    <ClInclude Include="Nabi\Utils\Inc\StringUtils.h">
      <Filter>Nabi\Utils\Inc</Filter>
    </ClInclude>
    <ClInclude Include="Nabi\Utils\Inc\TestUtils.h">
      <Filter>Nabi\Utils\Inc</Filter>
    </ClInclude>
    <ClInclude Include="Nabi\Utils\Inc\TimeUtils.h">
      <Filter>Nabi\Utils\Inc</Filter>
    </ClInclude>
    <ClInclude Include="Nabi\Utils\Inc\TypeUtils.h">
      <Filter>Nabi\Utils\Inc</Filter>
    </ClInclude>
    <ClInclude Include="Nabi\Core.h">
      <Filter>Nabi</Filter>
    </ClInclude>
    <ClInclude Include="Nabi\Tests\Fixtures\PhysicsTests\PhysicsTestHelpers.h">
      <Filter>Nabi\Tests\Fixtures\PhysicsTests</Filter>
    </ClInclude>
    <ClInclude Include="Nabi\Tests\Inc\Demo\Core\Demo.h">
      <Filter>Nabi\Tests\Inc\Demo\Core</Filter>
    </ClInclude>
    <ClInclude Include="Nabi\Tests\Inc\Demo\Core\DemoAssetBank.h">
      <Filter>Nabi\Tests\Inc\Demo\Core</Filter>
    </ClInclude>
    <ClInclude Include="Nabi\Tests\Inc\Demo\Core\DemoEnums.h">
      <Filter>Nabi\Tests\Inc\Demo\Core</Filter>
    </ClInclude>
    <ClInclude Include="Nabi\Tests\Inc\Demo\ECS\Components\AsteroidComponent.h">
      <Filter>Nabi\Tests\Inc\Demo\ECS\Components</Filter>
    </ClInclude>
    <ClInclude Include="Nabi\Tests\Inc\Demo\ECS\Components\PlayerComponent.h">
      <Filter>Nabi\Tests\Inc\Demo\ECS\Components</Filter>
    </ClInclude>
    <ClInclude Include="Nabi\Tests\Inc\Demo\ECS\Modules\DemoModule.h">
      <Filter>Nabi\Tests\Inc\Demo\ECS\Modules</Filter>
    </ClInclude>
    <ClInclude Include="Nabi\Tests\Inc\Demo\ECS\SingletonComponents\DemoPropertiesComponent.h">
      <Filter>Nabi\Tests\Inc\Demo\ECS\SingletonComponents</Filter>
    </ClInclude>
    <ClInclude Include="Nabi\Tests\Inc\Demo\ECS\Systems\AsteroidSystem.h">
      <Filter>Nabi\Tests\Inc\Demo\ECS\Systems</Filter>
    </ClInclude>
    <ClInclude Include="Nabi\Tests\Inc\Demo\ECS\Systems\PlayerSystem.h">
      <Filter>Nabi\Tests\Inc\Demo\ECS\Systems</Filter>
    </ClInclude>
    <ClInclude Include="Nabi\Tests\Inc\Demo\UI\DemoUIScene.h">
      <Filter>Nabi\Tests\Inc\Demo\UI</Filter>
    </ClInclude>
    <ClInclude Include="Nabi\Tests\Inc\Demo\DemoCore.h">
      <Filter>Nabi\Tests\Inc\Demo</Filter>
    </ClInclude>
    <ClInclude Include="Nabi\Tests\Inc\Examples\IExample.h">
      <Filter>Nabi\Tests\Inc\Examples</Filter>
    </ClInclude>
    <ClInclude Include="Nabi\Tests\Inc\Examples\TestAudio.h">
      <Filter>Nabi\Tests\Inc\Examples</Filter>
    </ClInclude>
    <ClInclude Include="Nabi\Tests\Inc\Examples\TestDraw.h">
      <Filter>Nabi\Tests\Inc\Examples</Filter>
    </ClInclude>
    <ClInclude Include="Nabi\Tests\Inc\Examples\TestInput.h">
      <Filter>Nabi\Tests\Inc\Examples</Filter>
    </ClInclude>
    <ClInclude Include="Nabi\Tests\Inc\Examples\TestPhysics.h">
      <Filter>Nabi\Tests\Inc\Examples</Filter>
    </ClInclude>
    <ClInclude Include="Nabi\Tests\Inc\Examples\TestThreading.h">
      <Filter>Nabi\Tests\Inc\Examples</Filter>
    </ClInclude>
    <ClInclude Include="Nabi\Tests\Inc\Helpers\Comparison.h">
      <Filter>Nabi\Tests\Inc\Helpers</Filter>
    </ClInclude>
    <ClInclude Include="Nabi\Tests\Inc\MockObjects\MockComponent.h">
      <Filter>Nabi\Tests\Inc\MockObjects</Filter>
    </ClInclude>
    <ClInclude Include="Nabi\Tests\Inc\MockObjects\MockCustomDataType.h">
      <Filter>Nabi\Tests\Inc\MockObjects</Filter>
    </ClInclude>
    <ClInclude Include="Nabi\Tests\Inc\MockObjects\MockEnum.h">
      <Filter>Nabi\Tests\Inc\MockObjects</Filter>
    </ClInclude>
    <ClInclude Include="Nabi\Tests\Inc\MockObjects\MockGameCore.h">
      <Filter>Nabi\Tests\Inc\MockObjects</Filter>
    </ClInclude>
    <ClInclude Include="Nabi\Tests\Inc\MockObjects\MockSystem.h">
      <Filter>Nabi\Tests\Inc\MockObjects</Filter>
    </ClInclude>
    <ClInclude Include="Nabi\Tests\TestCore.h">
      <Filter>Nabi\Tests</Filter>
    </ClInclude>
    <ClInclude Include="resource.h" />
  </ItemGroup>
  <ItemGroup>
    <None Include="packages.config" />
    <None Include="Nabi\Rendering\Shaders\Common.hlsli">
      <Filter>Nabi\Rendering\Shaders</Filter>
    </None>
    <None Include="cpp.hint" />
  </ItemGroup>
  <ItemGroup>
    <Xml Include="Nabi\Tests\Data\Audio\test_audio_entities.xml">
      <Filter>Nabi\Tests\Data\Audio</Filter>
    </Xml>
    <Xml Include="Nabi\Tests\Data\Demo\demo_entities.xml">
      <Filter>Nabi\Tests\Data\Demo</Filter>
    </Xml>
    <Xml Include="Nabi\Tests\Data\Demo\demo_global_entities.xml">
      <Filter>Nabi\Tests\Data\Demo</Filter>
    </Xml>
    <Xml Include="Nabi\Tests\Data\Demo\demo_route.xml">
      <Filter>Nabi\Tests\Data\Demo</Filter>
    </Xml>
    <Xml Include="Nabi\Tests\Data\Demo\demo_singleton_entities.xml">
      <Filter>Nabi\Tests\Data\Demo</Filter>
    </Xml>
    <Xml Include="Nabi\Tests\Data\Demo\demo_systems.xml">
      <Filter>Nabi\Tests\Data\Demo</Filter>
    </Xml>
    <Xml Include="Nabi\Tests\Data\Demo\demo_template_entities.xml">
      <Filter>Nabi\Tests\Data\Demo</Filter>
    </Xml>
    <Xml Include="Nabi\Tests\Data\Input\test_ui_entities.xml">
      <Filter>Nabi\Tests\Data\Input</Filter>
    </Xml>
    <Xml Include="Nabi\Tests\Data\Physics\test_physics_entities.xml">
      <Filter>Nabi\Tests\Data\Physics</Filter>
    </Xml>
    <Xml Include="Nabi\Tests\Data\Reflection\test_container_entity_file.xml">
      <Filter>Nabi\Tests\Data\Reflection</Filter>
    </Xml>
    <Xml Include="Nabi\Tests\Data\Reflection\test_debug_entity_file.xml">
      <Filter>Nabi\Tests\Data\Reflection</Filter>
    </Xml>
    <Xml Include="Nabi\Tests\Data\Reflection\test_entity_file.xml">
      <Filter>Nabi\Tests\Data\Reflection</Filter>
    </Xml>
    <Xml Include="Nabi\Tests\Data\Reflection\test_entity_template_file.xml">
      <Filter>Nabi\Tests\Data\Reflection</Filter>
    </Xml>
    <Xml Include="Nabi\Tests\Data\Reflection\test_library_entity_file.xml">
      <Filter>Nabi\Tests\Data\Reflection</Filter>
    </Xml>
    <Xml Include="Nabi\Tests\Data\Reflection\test_route_file.xml">
      <Filter>Nabi\Tests\Data\Reflection</Filter>
    </Xml>
    <Xml Include="Nabi\Tests\Data\Reflection\test_system_file.xml">
      <Filter>Nabi\Tests\Data\Reflection</Filter>
    </Xml>
  </ItemGroup>
  <ItemGroup>
    <ResourceCompile Include="Nabi.rc">
      <Filter>Nabi\Libraries</Filter>
    </ResourceCompile>
  </ItemGroup>
  <ItemGroup>
    <FxCompile Include="Nabi\Rendering\Shaders\PixelShader2D.hlsl">
      <Filter>Nabi\Rendering\Shaders</Filter>
    </FxCompile>
    <FxCompile Include="Nabi\Rendering\Shaders\PixelShader3D.hlsl">
      <Filter>Nabi\Rendering\Shaders</Filter>
    </FxCompile>
    <FxCompile Include="Nabi\Rendering\Shaders\PixelShaderSkybox.hlsl">
      <Filter>Nabi\Rendering\Shaders</Filter>
    </FxCompile>
    <FxCompile Include="Nabi\Rendering\Shaders\VertexShader2D.hlsl">
      <Filter>Nabi\Rendering\Shaders</Filter>
    </FxCompile>
    <FxCompile Include="Nabi\Rendering\Shaders\VertexShader3D.hlsl">
      <Filter>Nabi\Rendering\Shaders</Filter>
    </FxCompile>
    <FxCompile Include="Nabi\Rendering\Shaders\VertexShaderSkybox.hlsl">
      <Filter>Nabi\Rendering\Shaders</Filter>
    </FxCompile>
  </ItemGroup>
  <ItemGroup>
    <Image Include="Nabi\Miscellaneous\icon.ico">
      <Filter>Nabi\Miscellaneous</Filter>
    </Image>
  </ItemGroup>
</Project>